// !$*UTF8*$!
{
	archiveVersion = 1;
	classes = {
	};
	objectVersion = 77;
	objects = {

/* Begin PBXContainerItemProxy section */
		A731E68A2F920E7B001FABE1 /* PBXContainerItemProxy */ = {
			isa = PBXContainerItemProxy;
			containerPortal = A731E6742F920E79001FABE1 /* Project object */;
			proxyType = 1;
			remoteGlobalIDString = A731E67B2F920E79001FABE1;
			remoteInfo = YettelHomeWork;
		};
		A731E6942F920E7B001FABE1 /* PBXContainerItemProxy */ = {
			isa = PBXContainerItemProxy;
			containerPortal = A731E6742F920E79001FABE1 /* Project object */;
			proxyType = 1;
			remoteGlobalIDString = A731E67B2F920E79001FABE1;
			remoteInfo = YettelHomeWork;
		};
/* End PBXContainerItemProxy section */

/* Begin PBXFileReference section */
		A731E67C2F920E79001FABE1 /* YettelHomeWork.app */ = {isa = PBXFileReference; explicitFileType = wrapper.application; includeInIndex = 0; path = YettelHomeWork.app; sourceTree = BUILT_PRODUCTS_DIR; };
		A731E6892F920E7B001FABE1 /* YettelHomeWorkTests.xctest */ = {isa = PBXFileReference; explicitFileType = wrapper.cfbundle; includeInIndex = 0; path = YettelHomeWorkTests.xctest; sourceTree = BUILT_PRODUCTS_DIR; };
		A731E6932F920E7B001FABE1 /* YettelHomeWorkUITests.xctest */ = {isa = PBXFileReference; explicitFileType = wrapper.cfbundle; includeInIndex = 0; path = YettelHomeWorkUITests.xctest; sourceTree = BUILT_PRODUCTS_DIR; };
		B10000012F920E7B001FABE1 /* Config/Env.xcconfig */ = {isa = PBXFileReference; lastKnownFileType = text.xcconfig; path = Config/Env.xcconfig; sourceTree = "<group>"; };
/* End PBXFileReference section */

/* Begin PBXFileSystemSynchronizedBuildFileExceptionSet section */
		A77F32192F9795080051FBB2 /* Exceptions for "YettelHomeWork" folder in "YettelHomeWork" target */ = {
			isa = PBXFileSystemSynchronizedBuildFileExceptionSet;
			membershipExceptions = (
				Info.plist,
			);
			target = A731E67B2F920E79001FABE1 /* YettelHomeWork */;
		};
/* End PBXFileSystemSynchronizedBuildFileExceptionSet section */

/* Begin PBXFileSystemSynchronizedRootGroup section */
		A731E67E2F920E79001FABE1 /* YettelHomeWork */ = {
			isa = PBXFileSystemSynchronizedRootGroup;
			exceptions = (
				A77F32192F9795080051FBB2 /* Exceptions for "YettelHomeWork" folder in "YettelHomeWork" target */,
			);
			path = YettelHomeWork;
			sourceTree = "<group>";
		};
		A731E68C2F920E7B001FABE1 /* YettelHomeWorkTests */ = {
			isa = PBXFileSystemSynchronizedRootGroup;
			path = YettelHomeWorkTests;
			sourceTree = "<group>";
		};
		A731E6962F920E7B001FABE1 /* YettelHomeWorkUITests */ = {
			isa = PBXFileSystemSynchronizedRootGroup;
			path = YettelHomeWorkUITests;
			sourceTree = "<group>";
		};
		B10000032F920E7B001FABE1 /* Config */ = {
			isa = PBXFileSystemSynchronizedRootGroup;
			path = Config;
			sourceTree = "<group>";
		};
/* End PBXFileSystemSynchronizedRootGroup section */

/* Begin PBXFrameworksBuildPhase section */
		A731E6792F920E79001FABE1 /* Frameworks */ = {
			isa = PBXFrameworksBuildPhase;
			buildActionMask = 2147483647;
			files = (
			);
			runOnlyForDeploymentPostprocessing = 0;
		};
		A731E6862F920E7B001FABE1 /* Frameworks */ = {
			isa = PBXFrameworksBuildPhase;
			buildActionMask = 2147483647;
			files = (
			);
			runOnlyForDeploymentPostprocessing = 0;
		};
		A731E6902F920E7B001FABE1 /* Frameworks */ = {
			isa = PBXFrameworksBuildPhase;
			buildActionMask = 2147483647;
			files = (
			);
			runOnlyForDeploymentPostprocessing = 0;
		};
/* End PBXFrameworksBuildPhase section */

/* Begin PBXGroup section */
		A731E6732F920E79001FABE1 = {
			isa = PBXGroup;
			children = (
				B10000032F920E7B001FABE1 /* Config */,
				A731E67E2F920E79001FABE1 /* YettelHomeWork */,
				A731E68C2F920E7B001FABE1 /* YettelHomeWorkTests */,
				A731E6962F920E7B001FABE1 /* YettelHomeWorkUITests */,
				A731E67D2F920E79001FABE1 /* Products */,
				A77F347B2F98F96F0051FBB2 /* Recovered References */,
			);
			sourceTree = "<group>";
		};
		A731E67D2F920E79001FABE1 /* Products */ = {
			isa = PBXGroup;
			children = (
				A731E67C2F920E79001FABE1 /* YettelHomeWork.app */,
				A731E6892F920E7B001FABE1 /* YettelHomeWorkTests.xctest */,
				A731E6932F920E7B001FABE1 /* YettelHomeWorkUITests.xctest */,
			);
			name = Products;
			sourceTree = "<group>";
		};
		A77F347B2F98F96F0051FBB2 /* Recovered References */ = {
			isa = PBXGroup;
			children = (
				B10000012F920E7B001FABE1 /* Config/Env.xcconfig */,
			);
			name = "Recovered References";
			sourceTree = "<group>";
		};
/* End PBXGroup section */

/* Begin PBXNativeTarget section */
		A731E67B2F920E79001FABE1 /* YettelHomeWork */ = {
			isa = PBXNativeTarget;
			buildConfigurationList = A731E69D2F920E7B001FABE1 /* Build configuration list for PBXNativeTarget "YettelHomeWork" */;
			buildPhases = (
				A731E6782F920E79001FABE1 /* Sources */,
				A731E6792F920E79001FABE1 /* Frameworks */,
				A731E67A2F920E79001FABE1 /* Resources */,
			);
			buildRules = (
			);
			dependencies = (
			);
			fileSystemSynchronizedGroups = (
				A731E67E2F920E79001FABE1 /* YettelHomeWork */,
			);
			name = YettelHomeWork;
			packageProductDependencies = (
			);
			productName = YettelHomeWork;
			productReference = A731E67C2F920E79001FABE1 /* YettelHomeWork.app */;
			productType = "com.apple.product-type.application";
		};
		A731E6882F920E7B001FABE1 /* YettelHomeWorkTests */ = {
			isa = PBXNativeTarget;
			buildConfigurationList = A731E6A02F920E7B001FABE1 /* Build configuration list for PBXNativeTarget "YettelHomeWorkTests" */;
			buildPhases = (
				A731E6852F920E7B001FABE1 /* Sources */,
				A731E6862F920E7B001FABE1 /* Frameworks */,
				A731E6872F920E7B001FABE1 /* Resources */,
			);
			buildRules = (
			);
			dependencies = (
				A731E68B2F920E7B001FABE1 /* PBXTargetDependency */,
			);
			fileSystemSynchronizedGroups = (
				A731E68C2F920E7B001FABE1 /* YettelHomeWorkTests */,
			);
			name = YettelHomeWorkTests;
			packageProductDependencies = (
			);
			productName = YettelHomeWorkTests;
			productReference = A731E6892F920E7B001FABE1 /* YettelHomeWorkTests.xctest */;
			productType = "com.apple.product-type.bundle.unit-test";
		};
		A731E6922F920E7B001FABE1 /* YettelHomeWorkUITests */ = {
			isa = PBXNativeTarget;
			buildConfigurationList = A731E6A32F920E7B001FABE1 /* Build configuration list for PBXNativeTarget "YettelHomeWorkUITests" */;
			buildPhases = (
				A731E68F2F920E7B001FABE1 /* Sources */,
				A731E6902F920E7B001FABE1 /* Frameworks */,
				A731E6912F920E7B001FABE1 /* Resources */,
			);
			buildRules = (
			);
			dependencies = (
				A731E6952F920E7B001FABE1 /* PBXTargetDependency */,
			);
			fileSystemSynchronizedGroups = (
				A731E6962F920E7B001FABE1 /* YettelHomeWorkUITests */,
			);
			name = YettelHomeWorkUITests;
			packageProductDependencies = (
			);
			productName = YettelHomeWorkUITests;
			productReference = A731E6932F920E7B001FABE1 /* YettelHomeWorkUITests.xctest */;
			productType = "com.apple.product-type.bundle.ui-testing";
		};
/* End PBXNativeTarget section */

/* Begin PBXProject section */
		A731E6742F920E79001FABE1 /* Project object */ = {
			isa = PBXProject;
			attributes = {
				BuildIndependentTargetsInParallel = 1;
				LastSwiftUpdateCheck = 2640;
				LastUpgradeCheck = 2640;
				TargetAttributes = {
					A731E67B2F920E79001FABE1 = {
						CreatedOnToolsVersion = 26.4.1;
					};
					A731E6882F920E7B001FABE1 = {
						CreatedOnToolsVersion = 26.4.1;
						TestTargetID = A731E67B2F920E79001FABE1;
					};
					A731E6922F920E7B001FABE1 = {
						CreatedOnToolsVersion = 26.4.1;
						TestTargetID = A731E67B2F920E79001FABE1;
					};
				};
			};
			buildConfigurationList = A731E6772F920E79001FABE1 /* Build configuration list for PBXProject "YettelHomeWork" */;
			developmentRegion = en;
			hasScannedForEncodings = 0;
			knownRegions = (
				en,
				Base,
			);
			mainGroup = A731E6732F920E79001FABE1;
			minimizedProjectReferenceProxies = 1;
			preferredProjectObjectVersion = 77;
			productRefGroup = A731E67D2F920E79001FABE1 /* Products */;
			projectDirPath = "";
			projectRoot = "";
			targets = (
				A731E67B2F920E79001FABE1 /* YettelHomeWork */,
				A731E6882F920E7B001FABE1 /* YettelHomeWorkTests */,
				A731E6922F920E7B001FABE1 /* YettelHomeWorkUITests */,
			);
		};
/* End PBXProject section */

/* Begin PBXResourcesBuildPhase section */
		A731E67A2F920E79001FABE1 /* Resources */ = {
			isa = PBXResourcesBuildPhase;
			buildActionMask = 2147483647;
			files = (
			);
			runOnlyForDeploymentPostprocessing = 0;
		};
		A731E6872F920E7B001FABE1 /* Resources */ = {
			isa = PBXResourcesBuildPhase;
			buildActionMask = 2147483647;
			files = (
			);
			runOnlyForDeploymentPostprocessing = 0;
		};
		A731E6912F920E7B001FABE1 /* Resources */ = {
			isa = PBXResourcesBuildPhase;
			buildActionMask = 2147483647;
			files = (
			);
			runOnlyForDeploymentPostprocessing = 0;
		};
/* End PBXResourcesBuildPhase section */

/* Begin PBXSourcesBuildPhase section */
		A731E6782F920E79001FABE1 /* Sources */ = {
			isa = PBXSourcesBuildPhase;
			buildActionMask = 2147483647;
			files = (
			);
			runOnlyForDeploymentPostprocessing = 0;
		};
		A731E6852F920E7B001FABE1 /* Sources */ = {
			isa = PBXSourcesBuildPhase;
			buildActionMask = 2147483647;
			files = (
			);
			runOnlyForDeploymentPostprocessing = 0;
		};
		A731E68F2F920E7B001FABE1 /* Sources */ = {
			isa = PBXSourcesBuildPhase;
			buildActionMask = 2147483647;
			files = (
			);
			runOnlyForDeploymentPostprocessing = 0;
		};
/* End PBXSourcesBuildPhase section */

/* Begin PBXTargetDependency section */
		A731E68B2F920E7B001FABE1 /* PBXTargetDependency */ = {
			isa = PBXTargetDependency;
			target = A731E67B2F920E79001FABE1 /* YettelHomeWork */;
			targetProxy = A731E68A2F920E7B001FABE1 /* PBXContainerItemProxy */;
		};
		A731E6952F920E7B001FABE1 /* PBXTargetDependency */ = {
			isa = PBXTargetDependency;
			target = A731E67B2F920E79001FABE1 /* YettelHomeWork */;
			targetProxy = A731E6942F920E7B001FABE1 /* PBXContainerItemProxy */;
		};
/* End PBXTargetDependency section */

/* Begin XCBuildConfiguration section */
		A731E69B2F920E7B001FABE1 /* Debug */ = {
			isa = XCBuildConfiguration;
			baseConfigurationReference = B10000012F920E7B001FABE1 /* Config/Env.xcconfig */;
			buildSettings = {
				ALWAYS_SEARCH_USER_PATHS = NO;
				ASSETCATALOG_COMPILER_GENERATE_SWIFT_ASSET_SYMBOL_EXTENSIONS = YES;
				CLANG_ANALYZER_NONNULL = YES;
				CLANG_ANALYZER_NUMBER_OBJECT_CONVERSION = YES_AGGRESSIVE;
				CLANG_CXX_LANGUAGE_STANDARD = "gnu++20";
				CLANG_ENABLE_MODULES = YES;
				CLANG_ENABLE_OBJC_ARC = YES;
				CLANG_ENABLE_OBJC_WEAK = YES;
				CLANG_WARN_BLOCK_CAPTURE_AUTORELEASING = YES;
				CLANG_WARN_BOOL_CONVERSION = YES;
				CLANG_WARN_COMMA = YES;
				CLANG_WARN_CONSTANT_CONVERSION = YES;
				CLANG_WARN_DEPRECATED_OBJC_IMPLEMENTATIONS = YES;
				CLANG_WARN_DIRECT_OBJC_ISA_USAGE = YES_ERROR;
				CLANG_WARN_DOCUMENTATION_COMMENTS = YES;
				CLANG_WARN_EMPTY_BODY = YES;
				CLANG_WARN_ENUM_CONVERSION = YES;
				CLANG_WARN_INFINITE_RECURSION = YES;
				CLANG_WARN_INT_CONVERSION = YES;
				CLANG_WARN_NON_LITERAL_NULL_CONVERSION = YES;
				CLANG_WARN_OBJC_IMPLICIT_RETAIN_SELF = YES;
				CLANG_WARN_OBJC_LITERAL_CONVERSION = YES;
				CLANG_WARN_OBJC_ROOT_CLASS = YES_ERROR;
				CLANG_WARN_QUOTED_INCLUDE_IN_FRAMEWORK_HEADER = YES;
				CLANG_WARN_RANGE_LOOP_ANALYSIS = YES;
				CLANG_WARN_STRICT_PROTOTYPES = YES;
				CLANG_WARN_SUSPICIOUS_MOVE = YES;
				CLANG_WARN_UNGUARDED_AVAILABILITY = YES_AGGRESSIVE;
				CLANG_WARN_UNREACHABLE_CODE = YES;
				CLANG_WARN__DUPLICATE_METHOD_MATCH = YES;
				COPY_PHASE_STRIP = NO;
				DEBUG_INFORMATION_FORMAT = dwarf;
				DEVELOPMENT_TEAM = U79NK869DF;
				ENABLE_STRICT_OBJC_MSGSEND = YES;
				ENABLE_TESTABILITY = YES;
				ENABLE_USER_SCRIPT_SANDBOXING = YES;
				GCC_C_LANGUAGE_STANDARD = gnu17;
				GCC_DYNAMIC_NO_PIC = NO;
				GCC_NO_COMMON_BLOCKS = YES;
				GCC_OPTIMIZATION_LEVEL = 0;
				GCC_PREPROCESSOR_DEFINITIONS = (
					"DEBUG=1",
					"$(inherited)",
				);
				GCC_WARN_64_TO_32_BIT_CONVERSION = YES;
				GCC_WARN_ABOUT_RETURN_TYPE = YES_ERROR;
				GCC_WARN_UNDECLARED_SELECTOR = YES;
				GCC_WARN_UNINITIALIZED_AUTOS = YES_AGGRESSIVE;
				GCC_WARN_UNUSED_FUNCTION = YES;
				GCC_WARN_UNUSED_VARIABLE = YES;
				IPHONEOS_DEPLOYMENT_TARGET = 26.0;
				LOCALIZATION_PREFERS_STRING_CATALOGS = YES;
				MTL_ENABLE_DEBUG_INFO = INCLUDE_SOURCE;
				MTL_FAST_MATH = YES;
				ONLY_ACTIVE_ARCH = YES;
				SDKROOT = iphoneos;
				SWIFT_ACTIVE_COMPILATION_CONDITIONS = "DEBUG $(inherited)";
				SWIFT_OPTIMIZATION_LEVEL = "-Onone";
			};
			name = Debug;
		};
		A731E69C2F920E7B001FABE1 /* Release */ = {
			isa = XCBuildConfiguration;
			baseConfigurationReference = B10000012F920E7B001FABE1 /* Config/Env.xcconfig */;
			buildSettings = {
				ALWAYS_SEARCH_USER_PATHS = NO;
				ASSETCATALOG_COMPILER_GENERATE_SWIFT_ASSET_SYMBOL_EXTENSIONS = YES;
				CLANG_ANALYZER_NONNULL = YES;
				CLANG_ANALYZER_NUMBER_OBJECT_CONVERSION = YES_AGGRESSIVE;
				CLANG_CXX_LANGUAGE_STANDARD = "gnu++20";
				CLANG_ENABLE_MODULES = YES;
				CLANG_ENABLE_OBJC_ARC = YES;
				CLANG_ENABLE_OBJC_WEAK = YES;
				CLANG_WARN_BLOCK_CAPTURE_AUTORELEASING = YES;
				CLANG_WARN_BOOL_CONVERSION = YES;
				CLANG_WARN_COMMA = YES;
				CLANG_WARN_CONSTANT_CONVERSION = YES;
				CLANG_WARN_DEPRECATED_OBJC_IMPLEMENTATIONS = YES;
				CLANG_WARN_DIRECT_OBJC_ISA_USAGE = YES_ERROR;
				CLANG_WARN_DOCUMENTATION_COMMENTS = YES;
				CLANG_WARN_EMPTY_BODY = YES;
				CLANG_WARN_ENUM_CONVERSION = YES;
				CLANG_WARN_INFINITE_RECURSION = YES;
				CLANG_WARN_INT_CONVERSION = YES;
				CLANG_WARN_NON_LITERAL_NULL_CONVERSION = YES;
				CLANG_WARN_OBJC_IMPLICIT_RETAIN_SELF = YES;
				CLANG_WARN_OBJC_LITERAL_CONVERSION = YES;
				CLANG_WARN_OBJC_ROOT_CLASS = YES_ERROR;
				CLANG_WARN_QUOTED_INCLUDE_IN_FRAMEWORK_HEADER = YES;
				CLANG_WARN_RANGE_LOOP_ANALYSIS = YES;
				CLANG_WARN_STRICT_PROTOTYPES = YES;
				CLANG_WARN_SUSPICIOUS_MOVE = YES;
				CLANG_WARN_UNGUARDED_AVAILABILITY = YES_AGGRESSIVE;
				CLANG_WARN_UNREACHABLE_CODE = YES;
				CLANG_WARN__DUPLICATE_METHOD_MATCH = YES;
				COPY_PHASE_STRIP = NO;
				DEBUG_INFORMATION_FORMAT = "dwarf-with-dsym";
				DEVELOPMENT_TEAM = U79NK869DF;
				ENABLE_NS_ASSERTIONS = NO;
				ENABLE_STRICT_OBJC_MSGSEND = YES;
				ENABLE_USER_SCRIPT_SANDBOXING = YES;
				GCC_C_LANGUAGE_STANDARD = gnu17;
				GCC_NO_COMMON_BLOCKS = YES;
				GCC_WARN_64_TO_32_BIT_CONVERSION = YES;
				GCC_WARN_ABOUT_RETURN_TYPE = YES_ERROR;
				GCC_WARN_UNDECLARED_SELECTOR = YES;
				GCC_WARN_UNINITIALIZED_AUTOS = YES_AGGRESSIVE;
				GCC_WARN_UNUSED_FUNCTION = YES;
				GCC_WARN_UNUSED_VARIABLE = YES;
				IPHONEOS_DEPLOYMENT_TARGET = 26.0;
				LOCALIZATION_PREFERS_STRING_CATALOGS = YES;
				MTL_ENABLE_DEBUG_INFO = NO;
				MTL_FAST_MATH = YES;
				SDKROOT = iphoneos;
				SWIFT_COMPILATION_MODE = wholemodule;
				VALIDATE_PRODUCT = YES;
			};
			name = Release;
		};
		A731E69E2F920E7B001FABE1 /* Debug */ = {
			isa = XCBuildConfiguration;
			baseConfigurationReference = B10000012F920E7B001FABE1 /* Config/Env.xcconfig */;
			buildSettings = {
				ASSETCATALOG_COMPILER_APPICON_NAME = AppIcon;
				ASSETCATALOG_COMPILER_GLOBAL_ACCENT_COLOR_NAME = AccentColor;
				CODE_SIGN_STYLE = Automatic;
				CURRENT_PROJECT_VERSION = 1;
				ENABLE_PREVIEWS = YES;
				GENERATE_INFOPLIST_FILE = YES;
				INFOPLIST_FILE = YettelHomeWork/Info.plist;
				INFOPLIST_KEY_UIApplicationSceneManifest_Generation = YES;
				INFOPLIST_KEY_UIApplicationSupportsIndirectInputEvents = YES;
				INFOPLIST_KEY_UILaunchScreen_Generation = YES;
				INFOPLIST_KEY_UISupportedInterfaceOrientations_iPad = "UIInterfaceOrientationPortrait UIInterfaceOrientationPortraitUpsideDown UIInterfaceOrientationLandscapeLeft UIInterfaceOrientationLandscapeRight";
				INFOPLIST_KEY_UISupportedInterfaceOrientations_iPhone = "UIInterfaceOrientationPortrait UIInterfaceOrientationLandscapeLeft UIInterfaceOrientationLandscapeRight";
				LD_RUNPATH_SEARCH_PATHS = (
					"$(inherited)",
					"@executable_path/Frameworks",
				);
				MARKETING_VERSION = 1.0;
				PRODUCT_BUNDLE_IDENTIFIER = com.narnium.test.document.foundationmodels.YettelHomeWork;
				PRODUCT_NAME = "$(TARGET_NAME)";
				STRING_CATALOG_GENERATE_SYMBOLS = YES;
				SWIFT_APPROACHABLE_CONCURRENCY = YES;
				SWIFT_DEFAULT_ACTOR_ISOLATION = MainActor;
				SWIFT_EMIT_LOC_STRINGS = YES;
				SWIFT_UPCOMING_FEATURE_MEMBER_IMPORT_VISIBILITY = YES;
				SWIFT_VERSION = 5.0;
				TARGETED_DEVICE_FAMILY = "1,2";
			};
			name = Debug;
		};
		A731E69F2F920E7B001FABE1 /* Release */ = {
			isa = XCBuildConfiguration;
			baseConfigurationReference = B10000012F920E7B001FABE1 /* Config/Env.xcconfig */;
			buildSettings = {
				ASSETCATALOG_COMPILER_APPICON_NAME = AppIcon;
				ASSETCATALOG_COMPILER_GLOBAL_ACCENT_COLOR_NAME = AccentColor;
				CODE_SIGN_STYLE = Automatic;
				CURRENT_PROJECT_VERSION = 1;
				ENABLE_PREVIEWS = YES;
				GENERATE_INFOPLIST_FILE = YES;
				INFOPLIST_FILE = YettelHomeWork/Info.plist;
				INFOPLIST_KEY_UIApplicationSceneManifest_Generation = YES;
				INFOPLIST_KEY_UIApplicationSupportsIndirectInputEvents = YES;
				INFOPLIST_KEY_UILaunchScreen_Generation = YES;
				INFOPLIST_KEY_UISupportedInterfaceOrientations_iPad = "UIInterfaceOrientationPortrait UIInterfaceOrientationPortraitUpsideDown UIInterfaceOrientationLandscapeLeft UIInterfaceOrientationLandscapeRight";
				INFOPLIST_KEY_UISupportedInterfaceOrientations_iPhone = "UIInterfaceOrientationPortrait UIInterfaceOrientationLandscapeLeft UIInterfaceOrientationLandscapeRight";
				LD_RUNPATH_SEARCH_PATHS = (
					"$(inherited)",
					"@executable_path/Frameworks",
				);
				MARKETING_VERSION = 1.0;
				PRODUCT_BUNDLE_IDENTIFIER = com.narnium.test.document.foundationmodels.YettelHomeWork;
				PRODUCT_NAME = "$(TARGET_NAME)";
				STRING_CATALOG_GENERATE_SYMBOLS = YES;
				SWIFT_APPROACHABLE_CONCURRENCY = YES;
				SWIFT_DEFAULT_ACTOR_ISOLATION = MainActor;
				SWIFT_EMIT_LOC_STRINGS = YES;
				SWIFT_UPCOMING_FEATURE_MEMBER_IMPORT_VISIBILITY = YES;
				SWIFT_VERSION = 5.0;
				TARGETED_DEVICE_FAMILY = "1,2";
			};
			name = Release;
		};
		A731E6A12F920E7B001FABE1 /* Debug */ = {
			isa = XCBuildConfiguration;
			baseConfigurationReference = B10000012F920E7B001FABE1 /* Config/Env.xcconfig */;
			buildSettings = {
				BUNDLE_LOADER = "$(TEST_HOST)";
				CODE_SIGN_STYLE = Automatic;
				CURRENT_PROJECT_VERSION = 1;
				GENERATE_INFOPLIST_FILE = YES;
				MARKETING_VERSION = 1.0;
				PRODUCT_BUNDLE_IDENTIFIER = com.narnium.test.document.foundationmodels.YettelHomeWorkTests;
				PRODUCT_NAME = "$(TARGET_NAME)";
				STRING_CATALOG_GENERATE_SYMBOLS = NO;
				SWIFT_APPROACHABLE_CONCURRENCY = YES;
				SWIFT_EMIT_LOC_STRINGS = NO;
				SWIFT_UPCOMING_FEATURE_MEMBER_IMPORT_VISIBILITY = YES;
				SWIFT_VERSION = 5.0;
				TARGETED_DEVICE_FAMILY = "1,2";
				TEST_HOST = "$(BUILT_PRODUCTS_DIR)/YettelHomeWork.app/$(BUNDLE_EXECUTABLE_FOLDER_PATH)/YettelHomeWork";
			};
			name = Debug;
		};
		A731E6A22F920E7B001FABE1 /* Release */ = {
			isa = XCBuildConfiguration;
			baseConfigurationReference = B10000012F920E7B001FABE1 /* Config/Env.xcconfig */;
			buildSettings = {
				BUNDLE_LOADER = "$(TEST_HOST)";
				CODE_SIGN_STYLE = Automatic;
				CURRENT_PROJECT_VERSION = 1;
				GENERATE_INFOPLIST_FILE = YES;
				MARKETING_VERSION = 1.0;
				PRODUCT_BUNDLE_IDENTIFIER = com.narnium.test.document.foundationmodels.YettelHomeWorkTests;
				PRODUCT_NAME = "$(TARGET_NAME)";
				STRING_CATALOG_GENERATE_SYMBOLS = NO;
				SWIFT_APPROACHABLE_CONCURRENCY = YES;
				SWIFT_EMIT_LOC_STRINGS = NO;
				SWIFT_UPCOMING_FEATURE_MEMBER_IMPORT_VISIBILITY = YES;
				SWIFT_VERSION = 5.0;
				TARGETED_DEVICE_FAMILY = "1,2";
				TEST_HOST = "$(BUILT_PRODUCTS_DIR)/YettelHomeWork.app/$(BUNDLE_EXECUTABLE_FOLDER_PATH)/YettelHomeWork";
			};
			name = Release;
		};
		A731E6A42F920E7B001FABE1 /* Debug */ = {
			isa = XCBuildConfiguration;
			baseConfigurationReference = B10000012F920E7B001FABE1 /* Config/Env.xcconfig */;
			buildSettings = {
				CODE_SIGN_STYLE = Automatic;
				CURRENT_PROJECT_VERSION = 1;
				GENERATE_INFOPLIST_FILE = YES;
				MARKETING_VERSION = 1.0;
				PRODUCT_BUNDLE_IDENTIFIER = com.narnium.test.document.foundationmodels.YettelHomeWorkUITests;
				PRODUCT_NAME = "$(TARGET_NAME)";
				STRING_CATALOG_GENERATE_SYMBOLS = NO;
				SWIFT_APPROACHABLE_CONCURRENCY = YES;
				SWIFT_EMIT_LOC_STRINGS = NO;
				SWIFT_UPCOMING_FEATURE_MEMBER_IMPORT_VISIBILITY = YES;
				SWIFT_VERSION = 5.0;
				TARGETED_DEVICE_FAMILY = "1,2";
				TEST_TARGET_NAME = YettelHomeWork;
			};
			name = Debug;
		};
		A731E6A52F920E7B001FABE1 /* Release */ = {
			isa = XCBuildConfiguration;
			baseConfigurationReference = B10000012F920E7B001FABE1 /* Config/Env.xcconfig */;
			buildSettings = {
				CODE_SIGN_STYLE = Automatic;
				CURRENT_PROJECT_VERSION = 1;
				GENERATE_INFOPLIST_FILE = YES;
				MARKETING_VERSION = 1.0;
				PRODUCT_BUNDLE_IDENTIFIER = com.narnium.test.document.foundationmodels.YettelHomeWorkUITests;
				PRODUCT_NAME = "$(TARGET_NAME)";
				STRING_CATALOG_GENERATE_SYMBOLS = NO;
				SWIFT_APPROACHABLE_CONCURRENCY = YES;
				SWIFT_EMIT_LOC_STRINGS = NO;
				SWIFT_UPCOMING_FEATURE_MEMBER_IMPORT_VISIBILITY = YES;
				SWIFT_VERSION = 5.0;
				TARGETED_DEVICE_FAMILY = "1,2";
				TEST_TARGET_NAME = YettelHomeWork;
			};
			name = Release;
		};
/* End XCBuildConfiguration section */

/* Begin XCConfigurationList section */
		A731E6772F920E79001FABE1 /* Build configuration list for PBXProject "YettelHomeWork" */ = {
			isa = XCConfigurationList;
			buildConfigurations = (
				A731E69B2F920E7B001FABE1 /* Debug */,
				A731E69C2F920E7B001FABE1 /* Release */,
			);
			defaultConfigurationIsVisible = 0;
			defaultConfigurationName = Release;
		};
		A731E69D2F920E7B001FABE1 /* Build configuration list for PBXNativeTarget "YettelHomeWork" */ = {
			isa = XCConfigurationList;
			buildConfigurations = (
				A731E69E2F920E7B001FABE1 /* Debug */,
				A731E69F2F920E7B001FABE1 /* Release */,
			);
			defaultConfigurationIsVisible = 0;
			defaultConfigurationName = Release;
		};
		A731E6A02F920E7B001FABE1 /* Build configuration list for PBXNativeTarget "YettelHomeWorkTests" */ = {
			isa = XCConfigurationList;
			buildConfigurations = (
				A731E6A12F920E7B001FABE1 /* Debug */,
				A731E6A22F920E7B001FABE1 /* Release */,
			);
			defaultConfigurationIsVisible = 0;
			defaultConfigurationName = Release;
		};
		A731E6A32F920E7B001FABE1 /* Build configuration list for PBXNativeTarget "YettelHomeWorkUITests" */ = {
			isa = XCConfigurationList;
			buildConfigurations = (
				A731E6A42F920E7B001FABE1 /* Debug */,
				A731E6A52F920E7B001FABE1 /* Release */,
			);
			defaultConfigurationIsVisible = 0;
			defaultConfigurationName = Release;
		};
/* End XCConfigurationList section */
	};
	rootObject = A731E6742F920E79001FABE1 /* Project object */;
}
